{
    "_readme": [
        "This file locks the dependencies of your project to a known state",
        "Read more about it at https://getcomposer.org/doc/01-basic-usage.md#installing-dependencies",
        "This file is @generated automatically"
    ],
    "content-hash": "811b264c9bb2a98c4aeefb072a53c8c0",
    "packages": [
        {
            "name": "image4io/image4iophp-sdk",
            "version": "0.0.1",
            "source": {
                "type": "git",
                "url": "https://github.com/Image4IO/image4iophpSDK.git",
                "reference": "905434761be0e330dd209a268d0fa6511b56f834"
            },
            "dist": {
                "type": "zip",
                "url": "https://api.github.com/repos/Image4IO/image4iophpSDK/zipball/905434761be0e330dd209a268d0fa6511b56f834",
                "reference": "905434761be0e330dd209a268d0fa6511b56f834",
                "shasum": ""
            },
            "require": {
                "php": ">=5.3.0"
            },
            "type": "library",
            "notification-url": "https://packagist.org/downloads/",
            "license": [
                "MIT"
            ],
            "description": "Php SDK for image4.io",
            "time": "2019-12-03T15:42:18+00:00"
        }
    ],
    "packages-dev": [],
    "aliases": [],
    "minimum-stability": "stable",
    "stability-flags": [],
    "prefer-stable": false,
    "prefer-lowest": false,
    "platform": [],
    "platform-dev": []
}
